
Microsoft Visual Studio Solution File, Format Version 12.00
# Visual Studio Version 16
VisualStudioVersion = 16.0.29503.13
MinimumVisualStudioVersion = 10.0.40219.1
Project("{FAE04EC0-301F-11D3-BF4B-00C04F79EFBC}") = "TheRippler", "TheRippler.csproj", "{7E35AC86-9770-4902-86D3-64F7FFE05974}"
EndProject
Global
	GlobalSection(SolutionConfigurationPlatforms) = preSolution
		Debug|Any CPU = Debug|Any CPU
		Release|Any CPU = Release|Any CPU
	EndGlobalSection
	GlobalSection(ProjectConfigurationPlatforms) = postSolution
		{7E35AC86-9770-4902-86D3-64F7FFE05974}.Debug|Any CPU.ActiveCfg = Debug|Any CPU
		{7E35AC86-9770-4902-86D3-64F7FFE05974}.Debug|Any CPU.Build.0 = Debug|Any CPU
		{7E35AC86-9770-4902-86D3-64F7FFE05974}.Release|Any CPU.ActiveCfg = Release|Any CPU
		{7E35AC86-9770-4902-86D3-64F7FFE05974}.Release|Any CPU.Build.0 = Release|Any CPU
	EndGlobalSection
	GlobalSection(SolutionProperties) = preSolution
		HideSolutionNode = FALSE
	EndGlobalSection
	GlobalSection(ExtensibilityGlobals) = postSolution
		SolutionGuid = {39FD314C-8380-4857-AEF5-641DF0B2B1BE}
	EndGlobalSection
EndGlobal
